
Microsoft Visual Studio Solution File, Format Version 12.00
# Visual Studio 15
VisualStudioVersion = 15.0.28307.539
MinimumVisualStudioVersion = 10.0.40219.1
Project("{FAE04EC0-301F-11D3-BF4B-00C04F79EFBC}") = "WebMVCApplication.Domain", "WebMVCApplication.Domain\WebMVCApplication.Domain.csproj", "{2D2F9295-0EDE-4FC7-BA86-4F66B66F973A}"
EndProject
Project("{FAE04EC0-301F-11D3-BF4B-00C04F79EFBC}") = "WebMVCApplication.WebUI", "WebMVCApplication.WebUI\WebMVCApplication.WebUI.csproj", "{36E80551-2F49-494C-9E36-1EC60E55454F}"
EndProject
Project("{FAE04EC0-301F-11D3-BF4B-00C04F79EFBC}") = "WebMVCApplication.WebUI.Tests", "WebMVCApplication.WebUI.Tests\WebMVCApplication.WebUI.Tests.csproj", "{FECFBD2F-FC9B-4ABB-8D87-6A574FEF5804}"
EndProject
Global
	GlobalSection(SolutionConfigurationPlatforms) = preSolution
		Debug|Any CPU = Debug|Any CPU
		Release|Any CPU = Release|Any CPU
	EndGlobalSection
	GlobalSection(ProjectConfigurationPlatforms) = postSolution
		{2D2F9295-0EDE-4FC7-BA86-4F66B66F973A}.Debug|Any CPU.ActiveCfg = Debug|Any CPU
		{2D2F9295-0EDE-4FC7-BA86-4F66B66F973A}.Debug|Any CPU.Build.0 = Debug|Any CPU
		{2D2F9295-0EDE-4FC7-BA86-4F66B66F973A}.Release|Any CPU.ActiveCfg = Release|Any CPU
		{2D2F9295-0EDE-4FC7-BA86-4F66B66F973A}.Release|Any CPU.Build.0 = Release|Any CPU
		{36E80551-2F49-494C-9E36-1EC60E55454F}.Debug|Any CPU.ActiveCfg = Debug|Any CPU
		{36E80551-2F49-494C-9E36-1EC60E55454F}.Debug|Any CPU.Build.0 = Debug|Any CPU
		{36E80551-2F49-494C-9E36-1EC60E55454F}.Release|Any CPU.ActiveCfg = Release|Any CPU
		{36E80551-2F49-494C-9E36-1EC60E55454F}.Release|Any CPU.Build.0 = Release|Any CPU
		{FECFBD2F-FC9B-4ABB-8D87-6A574FEF5804}.Debug|Any CPU.ActiveCfg = Debug|Any CPU
		{FECFBD2F-FC9B-4ABB-8D87-6A574FEF5804}.Debug|Any CPU.Build.0 = Debug|Any CPU
		{FECFBD2F-FC9B-4ABB-8D87-6A574FEF5804}.Release|Any CPU.ActiveCfg = Release|Any CPU
		{FECFBD2F-FC9B-4ABB-8D87-6A574FEF5804}.Release|Any CPU.Build.0 = Release|Any CPU
	EndGlobalSection
	GlobalSection(SolutionProperties) = preSolution
		HideSolutionNode = FALSE
	EndGlobalSection
	GlobalSection(ExtensibilityGlobals) = postSolution
		SolutionGuid = {8A8BF3D3-CF10-437F-AD6D-FD459C889E2D}
	EndGlobalSection
EndGlobal
